
Microsoft Visual Studio Solution File, Format Version 12.00
# Visual Studio 15
VisualStudioVersion = 15.0.27703.2026
MinimumVisualStudioVersion = 10.0.40219.1
Project("{FAE04EC0-301F-11D3-BF4B-00C04F79EFBC}") = "WEBAPI", "WebApplication1\WEBAPI.csproj", "{C61B3EB0-19D9-4C24-BE5A-C8EA20CE938B}"
EndProject
Global
	GlobalSection(SolutionConfigurationPlatforms) = preSolution
		Debug|Any CPU = Debug|Any CPU
		Release|Any CPU = Release|Any CPU
	EndGlobalSection
	GlobalSection(ProjectConfigurationPlatforms) = postSolution
		{C61B3EB0-19D9-4C24-BE5A-C8EA20CE938B}.Debug|Any CPU.ActiveCfg = Debug|Any CPU
		{C61B3EB0-19D9-4C24-BE5A-C8EA20CE938B}.Debug|Any CPU.Build.0 = Debug|Any CPU
		{C61B3EB0-19D9-4C24-BE5A-C8EA20CE938B}.Release|Any CPU.ActiveCfg = Release|Any CPU
		{C61B3EB0-19D9-4C24-BE5A-C8EA20CE938B}.Release|Any CPU.Build.0 = Release|Any CPU
	EndGlobalSection
	GlobalSection(SolutionProperties) = preSolution
		HideSolutionNode = FALSE
	EndGlobalSection
	GlobalSection(ExtensibilityGlobals) = postSolution
		SolutionGuid = {0E37EA19-9E6F-42CD-A734-D527BD653FB7}
	EndGlobalSection
EndGlobal
